
Microsoft Visual Studio Solution File, Format Version 12.00
# Visual Studio Version 17
VisualStudioVersion = 17.8.34525.116
MinimumVisualStudioVersion = 10.0.40219.1
Project("{FAE04EC0-301F-11D3-BF4B-00C04F79EFBC}") = "MVCProject_API", "MVCProject_API\MVCProject_API.csproj", "{337F8EC7-25EB-4221-8982-B9F856FEF91F}"
EndProject
Global
	GlobalSection(SolutionConfigurationPlatforms) = preSolution
		Debug|Any CPU = Debug|Any CPU
		Release|Any CPU = Release|Any CPU
	EndGlobalSection
	GlobalSection(ProjectConfigurationPlatforms) = postSolution
		{337F8EC7-25EB-4221-8982-B9F856FEF91F}.Debug|Any CPU.ActiveCfg = Debug|Any CPU
		{337F8EC7-25EB-4221-8982-B9F856FEF91F}.Debug|Any CPU.Build.0 = Debug|Any CPU
		{337F8EC7-25EB-4221-8982-B9F856FEF91F}.Release|Any CPU.ActiveCfg = Release|Any CPU
		{337F8EC7-25EB-4221-8982-B9F856FEF91F}.Release|Any CPU.Build.0 = Release|Any CPU
	EndGlobalSection
	GlobalSection(SolutionProperties) = preSolution
		HideSolutionNode = FALSE
	EndGlobalSection
	GlobalSection(ExtensibilityGlobals) = postSolution
		SolutionGuid = {7A0EAF77-45BD-4A83-BC49-585B068ACA44}
	EndGlobalSection
EndGlobal
